// !$*UTF8*$!
{
	archiveVersion = 1;
	classes = {
	};
	objectVersion = 46;
	objects = {

/* Begin PBXBuildFile section */
		8857C8E117B2DDD40056A6F9 /* Cocoa.framework in Frameworks */ = {isa = PBXBuildFile; fileRef = 8857C8E017B2DDD40056A6F9 /* Cocoa.framework */; };
		8857C8EB17B2DDD40056A6F9 /* InfoPlist.strings in Resources */ = {isa = PBXBuildFile; fileRef = 8857C8E917B2DDD40056A6F9 /* InfoPlist.strings */; };
		8857C8F617B2DDD40056A6F9 /* XCTest.framework in Frameworks */ = {isa = PBXBuildFile; fileRef = 8857C8F517B2DDD40056A6F9 /* XCTest.framework */; };
		8857C8F717B2DDD40056A6F9 /* Cocoa.framework in Frameworks */ = {isa = PBXBuildFile; fileRef = 8857C8E017B2DDD40056A6F9 /* Cocoa.framework */; };
		8857C8FA17B2DDD40056A6F9 /* Hawk.framework in Frameworks */ = {isa = PBXBuildFile; fileRef = 8857C8DD17B2DDD40056A6F9 /* Hawk.framework */; };
		8857C90017B2DDD40056A6F9 /* InfoPlist.strings in Resources */ = {isa = PBXBuildFile; fileRef = 8857C8FE17B2DDD40056A6F9 /* InfoPlist.strings */; };
		8857C90217B2DDD40056A6F9 /* HawkTests.m in Sources */ = {isa = PBXBuildFile; fileRef = 8857C90117B2DDD40056A6F9 /* HawkTests.m */; };
		8857C91017B2DE4F0056A6F9 /* NSData+Base64.h in Headers */ = {isa = PBXBuildFile; fileRef = 8857C90C17B2DE4F0056A6F9 /* NSData+Base64.h */; settings = {ATTRIBUTES = (Public, ); }; };
		8857C91117B2DE4F0056A6F9 /* NSData+Base64.m in Sources */ = {isa = PBXBuildFile; fileRef = 8857C90D17B2DE4F0056A6F9 /* NSData+Base64.m */; };
		8857C91217B2DE4F0056A6F9 /* NSString+Base64.h in Headers */ = {isa = PBXBuildFile; fileRef = 8857C90E17B2DE4F0056A6F9 /* NSString+Base64.h */; settings = {ATTRIBUTES = (Public, ); }; };
		8857C91317B2DE4F0056A6F9 /* NSString+Base64.m in Sources */ = {isa = PBXBuildFile; fileRef = 8857C90F17B2DE4F0056A6F9 /* NSString+Base64.m */; };
		8857C91A17B2DE9F0056A6F9 /* Hawk.h in Headers */ = {isa = PBXBuildFile; fileRef = 8857C91417B2DE9F0056A6F9 /* Hawk.h */; settings = {ATTRIBUTES = (Public, ); }; };
		8857C91B17B2DE9F0056A6F9 /* Hawk.m in Sources */ = {isa = PBXBuildFile; fileRef = 8857C91517B2DE9F0056A6F9 /* Hawk.m */; };
		8857C91C17B2DE9F0056A6F9 /* HawkAuthAttributes.h in Headers */ = {isa = PBXBuildFile; fileRef = 8857C91617B2DE9F0056A6F9 /* HawkAuthAttributes.h */; settings = {ATTRIBUTES = (Public, ); }; };
		8857C91D17B2DE9F0056A6F9 /* HawkAuthAttributes.m in Sources */ = {isa = PBXBuildFile; fileRef = 8857C91717B2DE9F0056A6F9 /* HawkAuthAttributes.m */; };
		8857C91E17B2DE9F0056A6F9 /* HawkCredentials.h in Headers */ = {isa = PBXBuildFile; fileRef = 8857C91817B2DE9F0056A6F9 /* HawkCredentials.h */; settings = {ATTRIBUTES = (Public, ); }; };
		8857C91F17B2DE9F0056A6F9 /* HawkCredentials.m in Sources */ = {isa = PBXBuildFile; fileRef = 8857C91917B2DE9F0056A6F9 /* HawkCredentials.m */; };
		8857C93617B2DF700056A6F9 /* UIKit.framework in Frameworks */ = {isa = PBXBuildFile; fileRef = 8857C93517B2DF700056A6F9 /* UIKit.framework */; };
		8857C93F17B2DF700056A6F9 /* InfoPlist.strings in Resources */ = {isa = PBXBuildFile; fileRef = 8857C93D17B2DF700056A6F9 /* InfoPlist.strings */; };
		8857C95217B2DFE00056A6F9 /* HawkTests.m in Sources */ = {isa = PBXBuildFile; fileRef = 8857C90117B2DDD40056A6F9 /* HawkTests.m */; };
		8857C96617B2E2FB0056A6F9 /* libHawk.a in Frameworks */ = {isa = PBXBuildFile; fileRef = 8857C92417B2DF6F0056A6F9 /* libHawk.a */; settings = {ATTRIBUTES = (Required, ); }; };
		8857C96817B2E31D0056A6F9 /* NSData+Base64.m in Sources */ = {isa = PBXBuildFile; fileRef = 8857C90D17B2DE4F0056A6F9 /* NSData+Base64.m */; };
		8857C96A17B2E31D0056A6F9 /* NSString+Base64.m in Sources */ = {isa = PBXBuildFile; fileRef = 8857C90F17B2DE4F0056A6F9 /* NSString+Base64.m */; };
		8857C96C17B2E3230056A6F9 /* Hawk.m in Sources */ = {isa = PBXBuildFile; fileRef = 8857C91517B2DE9F0056A6F9 /* Hawk.m */; };
		8857C96E17B2E3230056A6F9 /* HawkAuthAttributes.m in Sources */ = {isa = PBXBuildFile; fileRef = 8857C91717B2DE9F0056A6F9 /* HawkAuthAttributes.m */; };
		8857C97017B2E3230056A6F9 /* HawkCredentials.m in Sources */ = {isa = PBXBuildFile; fileRef = 8857C91917B2DE9F0056A6F9 /* HawkCredentials.m */; };
		8857C97217B2E4120056A6F9 /* Hawk.h in CopyFiles */ = {isa = PBXBuildFile; fileRef = 8857C91417B2DE9F0056A6F9 /* Hawk.h */; };
		8857C97317B2E4120056A6F9 /* HawkAuthAttributes.h in CopyFiles */ = {isa = PBXBuildFile; fileRef = 8857C91617B2DE9F0056A6F9 /* HawkAuthAttributes.h */; };
		8857C97417B2E4120056A6F9 /* HawkCredentials.h in CopyFiles */ = {isa = PBXBuildFile; fileRef = 8857C91817B2DE9F0056A6F9 /* HawkCredentials.h */; };
		8857C97517B2E4120056A6F9 /* NSData+Base64.h in CopyFiles */ = {isa = PBXBuildFile; fileRef = 8857C90C17B2DE4F0056A6F9 /* NSData+Base64.h */; };
		8857C97617B2E4120056A6F9 /* NSString+Base64.h in CopyFiles */ = {isa = PBXBuildFile; fileRef = 8857C90E17B2DE4F0056A6F9 /* NSString+Base64.h */; };
		8857C99517B2FCFC0056A6F9 /* Foundation.framework in Frameworks */ = {isa = PBXBuildFile; fileRef = 8857C99417B2FCFC0056A6F9 /* Foundation.framework */; };
		8857C99617B2FD5D0056A6F9 /* Foundation.framework in Frameworks */ = {isa = PBXBuildFile; fileRef = 8857C99417B2FCFC0056A6F9 /* Foundation.framework */; };
		8857C9C917B3010C0056A6F9 /* XCTest.framework in Frameworks */ = {isa = PBXBuildFile; fileRef = 8857C8F517B2DDD40056A6F9 /* XCTest.framework */; };
		885DE67117B411530066BD9B /* HawkResponse.h in Headers */ = {isa = PBXBuildFile; fileRef = 885DE66F17B411530066BD9B /* HawkResponse.h */; };
		885DE67217B411530066BD9B /* HawkResponse.m in Sources */ = {isa = PBXBuildFile; fileRef = 885DE67017B411530066BD9B /* HawkResponse.m */; };
		885DE67317B411530066BD9B /* HawkResponse.m in Sources */ = {isa = PBXBuildFile; fileRef = 885DE67017B411530066BD9B /* HawkResponse.m */; };
		885DE67617B411A20066BD9B /* HawkError.h in Headers */ = {isa = PBXBuildFile; fileRef = 885DE67417B411A20066BD9B /* HawkError.h */; };
		885DE67717B411A20066BD9B /* HawkError.m in Sources */ = {isa = PBXBuildFile; fileRef = 885DE67517B411A20066BD9B /* HawkError.m */; };
		885DE67817B411A20066BD9B /* HawkError.m in Sources */ = {isa = PBXBuildFile; fileRef = 885DE67517B411A20066BD9B /* HawkError.m */; };
		885F848317B333B30083007A /* NSString+Parser.h in Headers */ = {isa = PBXBuildFile; fileRef = 885F848117B333B30083007A /* NSString+Parser.h */; };
		885F848417B333B30083007A /* NSString+Parser.m in Sources */ = {isa = PBXBuildFile; fileRef = 885F848217B333B30083007A /* NSString+Parser.m */; };
		885F848517B333B30083007A /* NSString+Parser.m in Sources */ = {isa = PBXBuildFile; fileRef = 885F848217B333B30083007A /* NSString+Parser.m */; };
/* End PBXBuildFile section */

/* Begin PBXContainerItemProxy section */
		8857C8F817B2DDD40056A6F9 /* PBXContainerItemProxy */ = {
			isa = PBXContainerItemProxy;
			containerPortal = 8857C8D417B2DDD40056A6F9 /* Project object */;
			proxyType = 1;
			remoteGlobalIDString = 8857C8DC17B2DDD40056A6F9;
			remoteInfo = Hawk;
		};
		8857C96417B2E2F60056A6F9 /* PBXContainerItemProxy */ = {
			isa = PBXContainerItemProxy;
			containerPortal = 8857C8D417B2DDD40056A6F9 /* Project object */;
			proxyType = 1;
			remoteGlobalIDString = 8857C92317B2DF6F0056A6F9;
			remoteInfo = libHawk;
		};
/* End PBXContainerItemProxy section */

/* Begin PBXCopyFilesBuildPhase section */
		8857C92217B2DF6F0056A6F9 /* CopyFiles */ = {
			isa = PBXCopyFilesBuildPhase;
			buildActionMask = 2147483647;
			dstPath = "include/$(PRODUCT_NAME)";
			dstSubfolderSpec = 16;
			files = (
				8857C97217B2E4120056A6F9 /* Hawk.h in CopyFiles */,
				8857C97317B2E4120056A6F9 /* HawkAuthAttributes.h in CopyFiles */,
				8857C97417B2E4120056A6F9 /* HawkCredentials.h in CopyFiles */,
				8857C97517B2E4120056A6F9 /* NSData+Base64.h in CopyFiles */,
				8857C97617B2E4120056A6F9 /* NSString+Base64.h in CopyFiles */,
			);
			runOnlyForDeploymentPostprocessing = 0;
		};
/* End PBXCopyFilesBuildPhase section */

/* Begin PBXFileReference section */
		8857C8DD17B2DDD40056A6F9 /* Hawk.framework */ = {isa = PBXFileReference; explicitFileType = wrapper.framework; includeInIndex = 0; path = Hawk.framework; sourceTree = BUILT_PRODUCTS_DIR; };
		8857C8E017B2DDD40056A6F9 /* Cocoa.framework */ = {isa = PBXFileReference; lastKnownFileType = wrapper.framework; name = Cocoa.framework; path = System/Library/Frameworks/Cocoa.framework; sourceTree = SDKROOT; };
		8857C8E317B2DDD40056A6F9 /* Foundation.framework */ = {isa = PBXFileReference; lastKnownFileType = wrapper.framework; name = Foundation.framework; path = System/Library/Frameworks/Foundation.framework; sourceTree = SDKROOT; };
		8857C8E417B2DDD40056A6F9 /* CoreData.framework */ = {isa = PBXFileReference; lastKnownFileType = wrapper.framework; name = CoreData.framework; path = System/Library/Frameworks/CoreData.framework; sourceTree = SDKROOT; };
		8857C8E517B2DDD40056A6F9 /* AppKit.framework */ = {isa = PBXFileReference; lastKnownFileType = wrapper.framework; name = AppKit.framework; path = System/Library/Frameworks/AppKit.framework; sourceTree = SDKROOT; };
		8857C8E817B2DDD40056A6F9 /* Hawk-Info.plist */ = {isa = PBXFileReference; lastKnownFileType = text.plist.xml; path = "Hawk-Info.plist"; sourceTree = "<group>"; };
		8857C8EA17B2DDD40056A6F9 /* en */ = {isa = PBXFileReference; lastKnownFileType = text.plist.strings; name = en; path = en.lproj/InfoPlist.strings; sourceTree = "<group>"; };
		8857C8EC17B2DDD40056A6F9 /* Hawk-Prefix.pch */ = {isa = PBXFileReference; lastKnownFileType = sourcecode.c.h; path = "Hawk-Prefix.pch"; sourceTree = "<group>"; };
		8857C8F417B2DDD40056A6F9 /* HawkTests.xctest */ = {isa = PBXFileReference; explicitFileType = wrapper.cfbundle; includeInIndex = 0; path = HawkTests.xctest; sourceTree = BUILT_PRODUCTS_DIR; };
		8857C8F517B2DDD40056A6F9 /* XCTest.framework */ = {isa = PBXFileReference; lastKnownFileType = wrapper.framework; name = XCTest.framework; path = Library/Frameworks/XCTest.framework; sourceTree = DEVELOPER_DIR; };
		8857C8FD17B2DDD40056A6F9 /* HawkTests-Info.plist */ = {isa = PBXFileReference; lastKnownFileType = text.plist.xml; path = "HawkTests-Info.plist"; sourceTree = "<group>"; };
		8857C8FF17B2DDD40056A6F9 /* en */ = {isa = PBXFileReference; lastKnownFileType = text.plist.strings; name = en; path = en.lproj/InfoPlist.strings; sourceTree = "<group>"; };
		8857C90117B2DDD40056A6F9 /* HawkTests.m */ = {isa = PBXFileReference; lastKnownFileType = sourcecode.c.objc; path = HawkTests.m; sourceTree = "<group>"; };
		8857C90C17B2DE4F0056A6F9 /* NSData+Base64.h */ = {isa = PBXFileReference; fileEncoding = 4; lastKnownFileType = sourcecode.c.h; path = "NSData+Base64.h"; sourceTree = "<group>"; };
		8857C90D17B2DE4F0056A6F9 /* NSData+Base64.m */ = {isa = PBXFileReference; fileEncoding = 4; lastKnownFileType = sourcecode.c.objc; path = "NSData+Base64.m"; sourceTree = "<group>"; };
		8857C90E17B2DE4F0056A6F9 /* NSString+Base64.h */ = {isa = PBXFileReference; fileEncoding = 4; lastKnownFileType = sourcecode.c.h; path = "NSString+Base64.h"; sourceTree = "<group>"; };
		8857C90F17B2DE4F0056A6F9 /* NSString+Base64.m */ = {isa = PBXFileReference; fileEncoding = 4; lastKnownFileType = sourcecode.c.objc; path = "NSString+Base64.m"; sourceTree = "<group>"; };
		8857C91417B2DE9F0056A6F9 /* Hawk.h */ = {isa = PBXFileReference; fileEncoding = 4; lastKnownFileType = sourcecode.c.h; path = Hawk.h; sourceTree = "<group>"; };
		8857C91517B2DE9F0056A6F9 /* Hawk.m */ = {isa = PBXFileReference; fileEncoding = 4; lastKnownFileType = sourcecode.c.objc; path = Hawk.m; sourceTree = "<group>"; };
		8857C91617B2DE9F0056A6F9 /* HawkAuthAttributes.h */ = {isa = PBXFileReference; fileEncoding = 4; lastKnownFileType = sourcecode.c.h; path = HawkAuthAttributes.h; sourceTree = "<group>"; };
		8857C91717B2DE9F0056A6F9 /* HawkAuthAttributes.m */ = {isa = PBXFileReference; fileEncoding = 4; lastKnownFileType = sourcecode.c.objc; path = HawkAuthAttributes.m; sourceTree = "<group>"; };
		8857C91817B2DE9F0056A6F9 /* HawkCredentials.h */ = {isa = PBXFileReference; fileEncoding = 4; lastKnownFileType = sourcecode.c.h; path = HawkCredentials.h; sourceTree = "<group>"; };
		8857C91917B2DE9F0056A6F9 /* HawkCredentials.m */ = {isa = PBXFileReference; fileEncoding = 4; lastKnownFileType = sourcecode.c.objc; path = HawkCredentials.m; sourceTree = "<group>"; };
		8857C92417B2DF6F0056A6F9 /* libHawk.a */ = {isa = PBXFileReference; explicitFileType = archive.ar; includeInIndex = 0; path = libHawk.a; sourceTree = BUILT_PRODUCTS_DIR; };
		8857C92517B2DF6F0056A6F9 /* Foundation.framework */ = {isa = PBXFileReference; lastKnownFileType = wrapper.framework; name = Foundation.framework; path = System/Library/Frameworks/Foundation.framework; sourceTree = SDKROOT; };
		8857C92917B2DF700056A6F9 /* libHawk-Prefix.pch */ = {isa = PBXFileReference; lastKnownFileType = sourcecode.c.h; path = "libHawk-Prefix.pch"; sourceTree = "<group>"; };
		8857C92A17B2DF700056A6F9 /* libHawk.h */ = {isa = PBXFileReference; lastKnownFileType = sourcecode.c.h; path = libHawk.h; sourceTree = "<group>"; };
		8857C93217B2DF700056A6F9 /* libHawkTests.xctest */ = {isa = PBXFileReference; explicitFileType = wrapper.cfbundle; includeInIndex = 0; path = libHawkTests.xctest; sourceTree = BUILT_PRODUCTS_DIR; };
		8857C93517B2DF700056A6F9 /* UIKit.framework */ = {isa = PBXFileReference; lastKnownFileType = wrapper.framework; name = UIKit.framework; path = Library/Frameworks/UIKit.framework; sourceTree = DEVELOPER_DIR; };
		8857C93C17B2DF700056A6F9 /* libHawkTests-Info.plist */ = {isa = PBXFileReference; lastKnownFileType = text.plist.xml; path = "libHawkTests-Info.plist"; sourceTree = "<group>"; };
		8857C93E17B2DF700056A6F9 /* en */ = {isa = PBXFileReference; lastKnownFileType = text.plist.strings; name = en; path = en.lproj/InfoPlist.strings; sourceTree = "<group>"; };
		8857C99417B2FCFC0056A6F9 /* Foundation.framework */ = {isa = PBXFileReference; lastKnownFileType = wrapper.framework; name = Foundation.framework; path = Platforms/iPhoneOS.platform/Developer/SDKs/iPhoneOS7.0.sdk/System/Library/Frameworks/Foundation.framework; sourceTree = DEVELOPER_DIR; };
		885DE66F17B411530066BD9B /* HawkResponse.h */ = {isa = PBXFileReference; fileEncoding = 4; lastKnownFileType = sourcecode.c.h; path = HawkResponse.h; sourceTree = "<group>"; };
		885DE67017B411530066BD9B /* HawkResponse.m */ = {isa = PBXFileReference; fileEncoding = 4; lastKnownFileType = sourcecode.c.objc; path = HawkResponse.m; sourceTree = "<group>"; };
		885DE67417B411A20066BD9B /* HawkError.h */ = {isa = PBXFileReference; fileEncoding = 4; lastKnownFileType = sourcecode.c.h; path = HawkError.h; sourceTree = "<group>"; };
		885DE67517B411A20066BD9B /* HawkError.m */ = {isa = PBXFileReference; fileEncoding = 4; lastKnownFileType = sourcecode.c.objc; path = HawkError.m; sourceTree = "<group>"; };
		885F848117B333B30083007A /* NSString+Parser.h */ = {isa = PBXFileReference; fileEncoding = 4; lastKnownFileType = sourcecode.c.h; path = "NSString+Parser.h"; sourceTree = "<group>"; };
		885F848217B333B30083007A /* NSString+Parser.m */ = {isa = PBXFileReference; fileEncoding = 4; lastKnownFileType = sourcecode.c.objc; path = "NSString+Parser.m"; sourceTree = "<group>"; };
/* End PBXFileReference section */

/* Begin PBXFrameworksBuildPhase section */
		8857C8D917B2DDD40056A6F9 /* Frameworks */ = {
			isa = PBXFrameworksBuildPhase;
			buildActionMask = 2147483647;
			files = (
				8857C8E117B2DDD40056A6F9 /* Cocoa.framework in Frameworks */,
			);
			runOnlyForDeploymentPostprocessing = 0;
		};
		8857C8F117B2DDD40056A6F9 /* Frameworks */ = {
			isa = PBXFrameworksBuildPhase;
			buildActionMask = 2147483647;
			files = (
				8857C8F717B2DDD40056A6F9 /* Cocoa.framework in Frameworks */,
				8857C8F617B2DDD40056A6F9 /* XCTest.framework in Frameworks */,
				8857C8FA17B2DDD40056A6F9 /* Hawk.framework in Frameworks */,
			);
			runOnlyForDeploymentPostprocessing = 0;
		};
		8857C92117B2DF6F0056A6F9 /* Frameworks */ = {
			isa = PBXFrameworksBuildPhase;
			buildActionMask = 2147483647;
			files = (
				8857C99617B2FD5D0056A6F9 /* Foundation.framework in Frameworks */,
			);
			runOnlyForDeploymentPostprocessing = 0;
		};
		8857C92F17B2DF700056A6F9 /* Frameworks */ = {
			isa = PBXFrameworksBuildPhase;
			buildActionMask = 2147483647;
			files = (
				8857C9C917B3010C0056A6F9 /* XCTest.framework in Frameworks */,
				8857C99517B2FCFC0056A6F9 /* Foundation.framework in Frameworks */,
				8857C96617B2E2FB0056A6F9 /* libHawk.a in Frameworks */,
				8857C93617B2DF700056A6F9 /* UIKit.framework in Frameworks */,
			);
			runOnlyForDeploymentPostprocessing = 0;
		};
/* End PBXFrameworksBuildPhase section */

/* Begin PBXGroup section */
		8857C8D317B2DDD40056A6F9 = {
			isa = PBXGroup;
			children = (
				8857C8E617B2DDD40056A6F9 /* Hawk */,
				8857C8FB17B2DDD40056A6F9 /* HawkTests */,
				8857C92717B2DF700056A6F9 /* libHawk */,
				8857C93A17B2DF700056A6F9 /* libHawkTests */,
				8857C8DF17B2DDD40056A6F9 /* Frameworks */,
				8857C8DE17B2DDD40056A6F9 /* Products */,
			);
			sourceTree = "<group>";
		};
		8857C8DE17B2DDD40056A6F9 /* Products */ = {
			isa = PBXGroup;
			children = (
				8857C8DD17B2DDD40056A6F9 /* Hawk.framework */,
				8857C8F417B2DDD40056A6F9 /* HawkTests.xctest */,
				8857C92417B2DF6F0056A6F9 /* libHawk.a */,
				8857C93217B2DF700056A6F9 /* libHawkTests.xctest */,
			);
			name = Products;
			sourceTree = "<group>";
		};
		8857C8DF17B2DDD40056A6F9 /* Frameworks */ = {
			isa = PBXGroup;
			children = (
				8857C99417B2FCFC0056A6F9 /* Foundation.framework */,
				8857C8E017B2DDD40056A6F9 /* Cocoa.framework */,
				8857C8F517B2DDD40056A6F9 /* XCTest.framework */,
				8857C92517B2DF6F0056A6F9 /* Foundation.framework */,
				8857C93517B2DF700056A6F9 /* UIKit.framework */,
				8857C8E217B2DDD40056A6F9 /* Other Frameworks */,
			);
			name = Frameworks;
			sourceTree = "<group>";
		};
		8857C8E217B2DDD40056A6F9 /* Other Frameworks */ = {
			isa = PBXGroup;
			children = (
				8857C8E317B2DDD40056A6F9 /* Foundation.framework */,
				8857C8E417B2DDD40056A6F9 /* CoreData.framework */,
				8857C8E517B2DDD40056A6F9 /* AppKit.framework */,
			);
			name = "Other Frameworks";
			sourceTree = "<group>";
		};
		8857C8E617B2DDD40056A6F9 /* Hawk */ = {
			isa = PBXGroup;
			children = (
				8857C91417B2DE9F0056A6F9 /* Hawk.h */,
				8857C91517B2DE9F0056A6F9 /* Hawk.m */,
				8857C91617B2DE9F0056A6F9 /* HawkAuthAttributes.h */,
				8857C91717B2DE9F0056A6F9 /* HawkAuthAttributes.m */,
				8857C91817B2DE9F0056A6F9 /* HawkCredentials.h */,
				8857C91917B2DE9F0056A6F9 /* HawkCredentials.m */,
				8857C90B17B2DE4F0056A6F9 /* Base64 */,
				8857C8E717B2DDD40056A6F9 /* Supporting Files */,
				885F848117B333B30083007A /* NSString+Parser.h */,
				885F848217B333B30083007A /* NSString+Parser.m */,
				885DE66F17B411530066BD9B /* HawkResponse.h */,
				885DE67017B411530066BD9B /* HawkResponse.m */,
				885DE67417B411A20066BD9B /* HawkError.h */,
				885DE67517B411A20066BD9B /* HawkError.m */,
			);
			path = Hawk;
			sourceTree = "<group>";
		};
		8857C8E717B2DDD40056A6F9 /* Supporting Files */ = {
			isa = PBXGroup;
			children = (
				8857C8E817B2DDD40056A6F9 /* Hawk-Info.plist */,
				8857C8E917B2DDD40056A6F9 /* InfoPlist.strings */,
				8857C8EC17B2DDD40056A6F9 /* Hawk-Prefix.pch */,
			);
			name = "Supporting Files";
			sourceTree = "<group>";
		};
		8857C8FB17B2DDD40056A6F9 /* HawkTests */ = {
			isa = PBXGroup;
			children = (
				8857C90117B2DDD40056A6F9 /* HawkTests.m */,
				8857C8FC17B2DDD40056A6F9 /* Supporting Files */,
			);
			path = HawkTests;
			sourceTree = "<group>";
		};
		8857C8FC17B2DDD40056A6F9 /* Supporting Files */ = {
			isa = PBXGroup;
			children = (
				8857C8FD17B2DDD40056A6F9 /* HawkTests-Info.plist */,
				8857C8FE17B2DDD40056A6F9 /* InfoPlist.strings */,
			);
			name = "Supporting Files";
			sourceTree = "<group>";
		};
		8857C90B17B2DE4F0056A6F9 /* Base64 */ = {
			isa = PBXGroup;
			children = (
				8857C90C17B2DE4F0056A6F9 /* NSData+Base64.h */,
				8857C90D17B2DE4F0056A6F9 /* NSData+Base64.m */,
				8857C90E17B2DE4F0056A6F9 /* NSString+Base64.h */,
				8857C90F17B2DE4F0056A6F9 /* NSString+Base64.m */,
			);
			path = Base64;
			sourceTree = "<group>";
		};
		8857C92717B2DF700056A6F9 /* libHawk */ = {
			isa = PBXGroup;
			children = (
				8857C92A17B2DF700056A6F9 /* libHawk.h */,
				8857C92817B2DF700056A6F9 /* Supporting Files */,
			);
			path = libHawk;
			sourceTree = "<group>";
		};
		8857C92817B2DF700056A6F9 /* Supporting Files */ = {
			isa = PBXGroup;
			children = (
				8857C92917B2DF700056A6F9 /* libHawk-Prefix.pch */,
			);
			name = "Supporting Files";
			sourceTree = "<group>";
		};
		8857C93A17B2DF700056A6F9 /* libHawkTests */ = {
			isa = PBXGroup;
			children = (
				8857C93B17B2DF700056A6F9 /* Supporting Files */,
			);
			path = libHawkTests;
			sourceTree = "<group>";
		};
		8857C93B17B2DF700056A6F9 /* Supporting Files */ = {
			isa = PBXGroup;
			children = (
				8857C93C17B2DF700056A6F9 /* libHawkTests-Info.plist */,
				8857C93D17B2DF700056A6F9 /* InfoPlist.strings */,
			);
			name = "Supporting Files";
			sourceTree = "<group>";
		};
/* End PBXGroup section */

/* Begin PBXHeadersBuildPhase section */
		8857C8DA17B2DDD40056A6F9 /* Headers */ = {
			isa = PBXHeadersBuildPhase;
			buildActionMask = 2147483647;
			files = (
				8857C91017B2DE4F0056A6F9 /* NSData+Base64.h in Headers */,
				885DE67117B411530066BD9B /* HawkResponse.h in Headers */,
				8857C91A17B2DE9F0056A6F9 /* Hawk.h in Headers */,
				8857C91C17B2DE9F0056A6F9 /* HawkAuthAttributes.h in Headers */,
				885F848317B333B30083007A /* NSString+Parser.h in Headers */,
				8857C91E17B2DE9F0056A6F9 /* HawkCredentials.h in Headers */,
				885DE67617B411A20066BD9B /* HawkError.h in Headers */,
				8857C91217B2DE4F0056A6F9 /* NSString+Base64.h in Headers */,
			);
			runOnlyForDeploymentPostprocessing = 0;
		};
/* End PBXHeadersBuildPhase section */

/* Begin PBXNativeTarget section */
		8857C8DC17B2DDD40056A6F9 /* Hawk */ = {
			isa = PBXNativeTarget;
			buildConfigurationList = 8857C90517B2DDD40056A6F9 /* Build configuration list for PBXNativeTarget "Hawk" */;
			buildPhases = (
				8857C8D817B2DDD40056A6F9 /* Sources */,
				8857C8D917B2DDD40056A6F9 /* Frameworks */,
				8857C8DA17B2DDD40056A6F9 /* Headers */,
				8857C8DB17B2DDD40056A6F9 /* Resources */,
			);
			buildRules = (
			);
			dependencies = (
			);
			name = Hawk;
			productName = Hawk;
			productReference = 8857C8DD17B2DDD40056A6F9 /* Hawk.framework */;
			productType = "com.apple.product-type.framework";
		};
		8857C8F317B2DDD40056A6F9 /* HawkTests */ = {
			isa = PBXNativeTarget;
			buildConfigurationList = 8857C90817B2DDD40056A6F9 /* Build configuration list for PBXNativeTarget "HawkTests" */;
			buildPhases = (
				8857C8F017B2DDD40056A6F9 /* Sources */,
				8857C8F117B2DDD40056A6F9 /* Frameworks */,
				8857C8F217B2DDD40056A6F9 /* Resources */,
			);
			buildRules = (
			);
			dependencies = (
				8857C8F917B2DDD40056A6F9 /* PBXTargetDependency */,
			);
			name = HawkTests;
			productName = HawkTests;
			productReference = 8857C8F417B2DDD40056A6F9 /* HawkTests.xctest */;
			productType = "com.apple.product-type.bundle.unit-test";
		};
		8857C92317B2DF6F0056A6F9 /* libHawk */ = {
			isa = PBXNativeTarget;
			buildConfigurationList = 8857C94217B2DF700056A6F9 /* Build configuration list for PBXNativeTarget "libHawk" */;
			buildPhases = (
				8857C92017B2DF6F0056A6F9 /* Sources */,
				8857C92117B2DF6F0056A6F9 /* Frameworks */,
				8857C92217B2DF6F0056A6F9 /* CopyFiles */,
			);
			buildRules = (
			);
			dependencies = (
			);
			name = libHawk;
			productName = libHawk;
			productReference = 8857C92417B2DF6F0056A6F9 /* libHawk.a */;
			productType = "com.apple.product-type.library.static";
		};
		8857C93117B2DF700056A6F9 /* libHawkTests */ = {
			isa = PBXNativeTarget;
			buildConfigurationList = 8857C94517B2DF700056A6F9 /* Build configuration list for PBXNativeTarget "libHawkTests" */;
			buildPhases = (
				8857C92E17B2DF700056A6F9 /* Sources */,
				8857C92F17B2DF700056A6F9 /* Frameworks */,
				8857C93017B2DF700056A6F9 /* Resources */,
			);
			buildRules = (
			);
			dependencies = (
				8857C96517B2E2F60056A6F9 /* PBXTargetDependency */,
			);
			name = libHawkTests;
			productName = libHawkTests;
			productReference = 8857C93217B2DF700056A6F9 /* libHawkTests.xctest */;
			productType = "com.apple.product-type.bundle.unit-test";
		};
/* End PBXNativeTarget section */

/* Begin PBXProject section */
		8857C8D417B2DDD40056A6F9 /* Project object */ = {
			isa = PBXProject;
			attributes = {
				LastUpgradeCheck = 0500;
				ORGANIZATIONNAME = Tent;
				TargetAttributes = {
					8857C8F317B2DDD40056A6F9 = {
						TestTargetID = 8857C8DC17B2DDD40056A6F9;
					};
					8857C93117B2DF700056A6F9 = {
						TestTargetID = 8857C8DC17B2DDD40056A6F9;
					};
				};
			};
			buildConfigurationList = 8857C8D717B2DDD40056A6F9 /* Build configuration list for PBXProject "Hawk" */;
			compatibilityVersion = "Xcode 3.2";
			developmentRegion = English;
			hasScannedForEncodings = 0;
			knownRegions = (
				en,
			);
			mainGroup = 8857C8D317B2DDD40056A6F9;
			productRefGroup = 8857C8DE17B2DDD40056A6F9 /* Products */;
			projectDirPath = "";
			projectRoot = "";
			targets = (
				8857C8DC17B2DDD40056A6F9 /* Hawk */,
				8857C8F317B2DDD40056A6F9 /* HawkTests */,
				8857C92317B2DF6F0056A6F9 /* libHawk */,
				8857C93117B2DF700056A6F9 /* libHawkTests */,
			);
		};
/* End PBXProject section */

/* Begin PBXResourcesBuildPhase section */
		8857C8DB17B2DDD40056A6F9 /* Resources */ = {
			isa = PBXResourcesBuildPhase;
			buildActionMask = 2147483647;
			files = (
				8857C8EB17B2DDD40056A6F9 /* InfoPlist.strings in Resources */,
			);
			runOnlyForDeploymentPostprocessing = 0;
		};
		8857C8F217B2DDD40056A6F9 /* Resources */ = {
			isa = PBXResourcesBuildPhase;
			buildActionMask = 2147483647;
			files = (
				8857C90017B2DDD40056A6F9 /* InfoPlist.strings in Resources */,
			);
			runOnlyForDeploymentPostprocessing = 0;
		};
		8857C93017B2DF700056A6F9 /* Resources */ = {
			isa = PBXResourcesBuildPhase;
			buildActionMask = 2147483647;
			files = (
				8857C93F17B2DF700056A6F9 /* InfoPlist.strings in Resources */,
			);
			runOnlyForDeploymentPostprocessing = 0;
		};
/* End PBXResourcesBuildPhase section */

/* Begin PBXSourcesBuildPhase section */
		8857C8D817B2DDD40056A6F9 /* Sources */ = {
			isa = PBXSourcesBuildPhase;
			buildActionMask = 2147483647;
			files = (
				885F848417B333B30083007A /* NSString+Parser.m in Sources */,
				8857C91317B2DE4F0056A6F9 /* NSString+Base64.m in Sources */,
				8857C91117B2DE4F0056A6F9 /* NSData+Base64.m in Sources */,
				885DE67717B411A20066BD9B /* HawkError.m in Sources */,
				8857C91B17B2DE9F0056A6F9 /* Hawk.m in Sources */,
				8857C91F17B2DE9F0056A6F9 /* HawkCredentials.m in Sources */,
				885DE67217B411530066BD9B /* HawkResponse.m in Sources */,
				8857C91D17B2DE9F0056A6F9 /* HawkAuthAttributes.m in Sources */,
			);
			runOnlyForDeploymentPostprocessing = 0;
		};
		8857C8F017B2DDD40056A6F9 /* Sources */ = {
			isa = PBXSourcesBuildPhase;
			buildActionMask = 2147483647;
			files = (
				8857C90217B2DDD40056A6F9 /* HawkTests.m in Sources */,
			);
			runOnlyForDeploymentPostprocessing = 0;
		};
		8857C92017B2DF6F0056A6F9 /* Sources */ = {
			isa = PBXSourcesBuildPhase;
			buildActionMask = 2147483647;
			files = (
				885F848517B333B30083007A /* NSString+Parser.m in Sources */,
				8857C96C17B2E3230056A6F9 /* Hawk.m in Sources */,
				8857C96E17B2E3230056A6F9 /* HawkAuthAttributes.m in Sources */,
				885DE67817B411A20066BD9B /* HawkError.m in Sources */,
				8857C97017B2E3230056A6F9 /* HawkCredentials.m in Sources */,
				8857C96817B2E31D0056A6F9 /* NSData+Base64.m in Sources */,
				885DE67317B411530066BD9B /* HawkResponse.m in Sources */,
				8857C96A17B2E31D0056A6F9 /* NSString+Base64.m in Sources */,
			);
			runOnlyForDeploymentPostprocessing = 0;
		};
		8857C92E17B2DF700056A6F9 /* Sources */ = {
			isa = PBXSourcesBuildPhase;
			buildActionMask = 2147483647;
			files = (
				8857C95217B2DFE00056A6F9 /* HawkTests.m in Sources */,
			);
			runOnlyForDeploymentPostprocessing = 0;
		};
/* End PBXSourcesBuildPhase section */

/* Begin PBXTargetDependency section */
		8857C8F917B2DDD40056A6F9 /* PBXTargetDependency */ = {
			isa = PBXTargetDependency;
			target = 8857C8DC17B2DDD40056A6F9 /* Hawk */;
			targetProxy = 8857C8F817B2DDD40056A6F9 /* PBXContainerItemProxy */;
		};
		8857C96517B2E2F60056A6F9 /* PBXTargetDependency */ = {
			isa = PBXTargetDependency;
			target = 8857C92317B2DF6F0056A6F9 /* libHawk */;
			targetProxy = 8857C96417B2E2F60056A6F9 /* PBXContainerItemProxy */;
		};
/* End PBXTargetDependency section */

/* Begin PBXVariantGroup section */
		8857C8E917B2DDD40056A6F9 /* InfoPlist.strings */ = {
			isa = PBXVariantGroup;
			children = (
				8857C8EA17B2DDD40056A6F9 /* en */,
			);
			name = InfoPlist.strings;
			sourceTree = "<group>";
		};
		8857C8FE17B2DDD40056A6F9 /* InfoPlist.strings */ = {
			isa = PBXVariantGroup;
			children = (
				8857C8FF17B2DDD40056A6F9 /* en */,
			);
			name = InfoPlist.strings;
			sourceTree = "<group>";
		};
		8857C93D17B2DF700056A6F9 /* InfoPlist.strings */ = {
			isa = PBXVariantGroup;
			children = (
				8857C93E17B2DF700056A6F9 /* en */,
			);
			name = InfoPlist.strings;
			sourceTree = "<group>";
		};
/* End PBXVariantGroup section */

/* Begin XCBuildConfiguration section */
		8857C90317B2DDD40056A6F9 /* Debug */ = {
			isa = XCBuildConfiguration;
			buildSettings = {
				ALWAYS_SEARCH_USER_PATHS = NO;
				CLANG_CXX_LANGUAGE_STANDARD = "gnu++0x";
				CLANG_CXX_LIBRARY = "libc++";
				CLANG_ENABLE_MODULES = YES;
				CLANG_ENABLE_OBJC_ARC = YES;
				CLANG_WARN_BOOL_CONVERSION = YES;
				CLANG_WARN_CONSTANT_CONVERSION = YES;
				CLANG_WARN_DIRECT_OBJC_ISA_USAGE = YES_ERROR;
				CLANG_WARN_EMPTY_BODY = YES;
				CLANG_WARN_ENUM_CONVERSION = YES;
				CLANG_WARN_INT_CONVERSION = YES;
				CLANG_WARN_OBJC_ROOT_CLASS = YES_ERROR;
				CLANG_WARN__DUPLICATE_METHOD_MATCH = YES;
				COPY_PHASE_STRIP = NO;
				GCC_C_LANGUAGE_STANDARD = gnu99;
				GCC_DYNAMIC_NO_PIC = NO;
				GCC_ENABLE_OBJC_EXCEPTIONS = YES;
				GCC_OPTIMIZATION_LEVEL = 0;
				GCC_PREPROCESSOR_DEFINITIONS = (
					"DEBUG=1",
					"$(inherited)",
				);
				GCC_SYMBOLS_PRIVATE_EXTERN = NO;
				GCC_WARN_64_TO_32_BIT_CONVERSION = YES;
				GCC_WARN_ABOUT_RETURN_TYPE = YES_ERROR;
				GCC_WARN_UNDECLARED_SELECTOR = YES;
				GCC_WARN_UNINITIALIZED_AUTOS = YES;
				GCC_WARN_UNUSED_FUNCTION = YES;
				GCC_WARN_UNUSED_VARIABLE = YES;
				MACOSX_DEPLOYMENT_TARGET = 10.8;
				ONLY_ACTIVE_ARCH = YES;
				SDKROOT = macosx;
			};
			name = Debug;
		};
		8857C90417B2DDD40056A6F9 /* Release */ = {
			isa = XCBuildConfiguration;
			buildSettings = {
				ALWAYS_SEARCH_USER_PATHS = NO;
				CLANG_CXX_LANGUAGE_STANDARD = "gnu++0x";
				CLANG_CXX_LIBRARY = "libc++";
				CLANG_ENABLE_MODULES = YES;
				CLANG_ENABLE_OBJC_ARC = YES;
				CLANG_WARN_BOOL_CONVERSION = YES;
				CLANG_WARN_CONSTANT_CONVERSION = YES;
				CLANG_WARN_DIRECT_OBJC_ISA_USAGE = YES_ERROR;
				CLANG_WARN_EMPTY_BODY = YES;
				CLANG_WARN_ENUM_CONVERSION = YES;
				CLANG_WARN_INT_CONVERSION = YES;
				CLANG_WARN_OBJC_ROOT_CLASS = YES_ERROR;
				CLANG_WARN__DUPLICATE_METHOD_MATCH = YES;
				COPY_PHASE_STRIP = YES;
				DEBUG_INFORMATION_FORMAT = "dwarf-with-dsym";
				ENABLE_NS_ASSERTIONS = NO;
				GCC_C_LANGUAGE_STANDARD = gnu99;
				GCC_ENABLE_OBJC_EXCEPTIONS = YES;
				GCC_WARN_64_TO_32_BIT_CONVERSION = YES;
				GCC_WARN_ABOUT_RETURN_TYPE = YES_ERROR;
				GCC_WARN_UNDECLARED_SELECTOR = YES;
				GCC_WARN_UNINITIALIZED_AUTOS = YES;
				GCC_WARN_UNUSED_FUNCTION = YES;
				GCC_WARN_UNUSED_VARIABLE = YES;
				MACOSX_DEPLOYMENT_TARGET = 10.8;
				SDKROOT = macosx;
			};
			name = Release;
		};
		8857C90617B2DDD40056A6F9 /* Debug */ = {
			isa = XCBuildConfiguration;
			buildSettings = {
				COMBINE_HIDPI_IMAGES = YES;
				DYLIB_COMPATIBILITY_VERSION = 1;
				DYLIB_CURRENT_VERSION = 1;
				FRAMEWORK_VERSION = A;
				GCC_PRECOMPILE_PREFIX_HEADER = YES;
				GCC_PREFIX_HEADER = "Hawk/Hawk-Prefix.pch";
				INFOPLIST_FILE = "Hawk/Hawk-Info.plist";
				PRODUCT_NAME = "$(TARGET_NAME)";
				WRAPPER_EXTENSION = framework;
			};
			name = Debug;
		};
		8857C90717B2DDD40056A6F9 /* Release */ = {
			isa = XCBuildConfiguration;
			buildSettings = {
				COMBINE_HIDPI_IMAGES = YES;
				DYLIB_COMPATIBILITY_VERSION = 1;
				DYLIB_CURRENT_VERSION = 1;
				FRAMEWORK_VERSION = A;
				GCC_PRECOMPILE_PREFIX_HEADER = YES;
				GCC_PREFIX_HEADER = "Hawk/Hawk-Prefix.pch";
				INFOPLIST_FILE = "Hawk/Hawk-Info.plist";
				PRODUCT_NAME = "$(TARGET_NAME)";
				WRAPPER_EXTENSION = framework;
			};
			name = Release;
		};
		8857C90917B2DDD40056A6F9 /* Debug */ = {
			isa = XCBuildConfiguration;
			buildSettings = {
				BUNDLE_LOADER = "$(BUILT_PRODUCTS_DIR)/Hawk.framework/Versions/A/Hawk";
				COMBINE_HIDPI_IMAGES = YES;
				FRAMEWORK_SEARCH_PATHS = (
					"$(DEVELOPER_FRAMEWORKS_DIR)",
					"$(inherited)",
				);
				GCC_PRECOMPILE_PREFIX_HEADER = YES;
				GCC_PREFIX_HEADER = "Hawk/Hawk-Prefix.pch";
				GCC_PREPROCESSOR_DEFINITIONS = (
					"DEBUG=1",
					"$(inherited)",
				);
				INFOPLIST_FILE = "HawkTests/HawkTests-Info.plist";
				PRODUCT_NAME = "$(TARGET_NAME)";
				TEST_HOST = "$(BUNDLE_LOADER)";
				WRAPPER_EXTENSION = xctest;
			};
			name = Debug;
		};
		8857C90A17B2DDD40056A6F9 /* Release */ = {
			isa = XCBuildConfiguration;
			buildSettings = {
				BUNDLE_LOADER = "$(BUILT_PRODUCTS_DIR)/Hawk.framework/Versions/A/Hawk";
				COMBINE_HIDPI_IMAGES = YES;
				FRAMEWORK_SEARCH_PATHS = (
					"$(DEVELOPER_FRAMEWORKS_DIR)",
					"$(inherited)",
				);
				GCC_PRECOMPILE_PREFIX_HEADER = YES;
				GCC_PREFIX_HEADER = "Hawk/Hawk-Prefix.pch";
				INFOPLIST_FILE = "HawkTests/HawkTests-Info.plist";
				PRODUCT_NAME = "$(TARGET_NAME)";
				TEST_HOST = "$(BUNDLE_LOADER)";
				WRAPPER_EXTENSION = xctest;
			};
			name = Release;
		};
		8857C94317B2DF700056A6F9 /* Debug */ = {
			isa = XCBuildConfiguration;
			buildSettings = {
				DSTROOT = /tmp/libHawk.dst;
				GCC_PRECOMPILE_PREFIX_HEADER = YES;
				GCC_PREFIX_HEADER = "libHawk/libHawk-Prefix.pch";
				GCC_PREPROCESSOR_DEFINITIONS = (
					"DEBUG=1",
					"$(inherited)",
				);
				IPHONEOS_DEPLOYMENT_TARGET = 7.0;
				OTHER_LDFLAGS = (
					"-ObjC",
					"-all_load",
				);
				PRIVATE_HEADERS_FOLDER_PATH = "include/$(PROJECT_NAME)";
				PRODUCT_NAME = Hawk;
				PUBLIC_HEADERS_FOLDER_PATH = include;
				SDKROOT = iphoneos;
				SKIP_INSTALL = YES;
			};
			name = Debug;
		};
		8857C94417B2DF700056A6F9 /* Release */ = {
			isa = XCBuildConfiguration;
			buildSettings = {
				DSTROOT = /tmp/libHawk.dst;
				GCC_PRECOMPILE_PREFIX_HEADER = YES;
				GCC_PREFIX_HEADER = "libHawk/libHawk-Prefix.pch";
				IPHONEOS_DEPLOYMENT_TARGET = 7.0;
				OTHER_LDFLAGS = (
					"-ObjC",
					"-all_load",
				);
				PRIVATE_HEADERS_FOLDER_PATH = "include/$(PROJECT_NAME)";
				PRODUCT_NAME = Hawk;
				PUBLIC_HEADERS_FOLDER_PATH = include;
				SDKROOT = iphoneos;
				SKIP_INSTALL = YES;
				VALIDATE_PRODUCT = YES;
			};
			name = Release;
		};
		8857C94617B2DF700056A6F9 /* Debug */ = {
			isa = XCBuildConfiguration;
			buildSettings = {
				FRAMEWORK_SEARCH_PATHS = (
					"$(SDKROOT)/Developer/Library/Frameworks",
					"$(inherited)",
					"$(DEVELOPER_FRAMEWORKS_DIR)",
				);
				GCC_PRECOMPILE_PREFIX_HEADER = YES;
				GCC_PREFIX_HEADER = "libHawk/libHawk-Prefix.pch";
				GCC_PREPROCESSOR_DEFINITIONS = (
					"DEBUG=1",
					"$(inherited)",
				);
				INFOPLIST_FILE = "libHawkTests/libHawkTests-Info.plist";
				IPHONEOS_DEPLOYMENT_TARGET = 7.0;
				OTHER_LDFLAGS = (
					"$(inherited)",
					"-all_load",
				);
				PRODUCT_NAME = "$(TARGET_NAME)";
				SDKROOT = iphoneos;
				TEST_HOST = "$(BUNDLE_LOADER)";
				WRAPPER_EXTENSION = xctest;
			};
			name = Debug;
		};
		8857C94717B2DF700056A6F9 /* Release */ = {
			isa = XCBuildConfiguration;
			buildSettings = {
				FRAMEWORK_SEARCH_PATHS = (
					"$(SDKROOT)/Developer/Library/Frameworks",
					"$(inherited)",
					"$(DEVELOPER_FRAMEWORKS_DIR)",
				);
				GCC_PRECOMPILE_PREFIX_HEADER = YES;
				GCC_PREFIX_HEADER = "libHawk/libHawk-Prefix.pch";
				INFOPLIST_FILE = "libHawkTests/libHawkTests-Info.plist";
				IPHONEOS_DEPLOYMENT_TARGET = 7.0;
				OTHER_LDFLAGS = (
					"$(inherited)",
					"-all_load",
				);
				PRODUCT_NAME = "$(TARGET_NAME)";
				SDKROOT = iphoneos;
				TEST_HOST = "$(BUNDLE_LOADER)";
				VALIDATE_PRODUCT = YES;
				WRAPPER_EXTENSION = xctest;
			};
			name = Release;
		};
/* End XCBuildConfiguration section */

/* Begin XCConfigurationList section */
		8857C8D717B2DDD40056A6F9 /* Build configuration list for PBXProject "Hawk" */ = {
			isa = XCConfigurationList;
			buildConfigurations = (
				8857C90317B2DDD40056A6F9 /* Debug */,
				8857C90417B2DDD40056A6F9 /* Release */,
			);
			defaultConfigurationIsVisible = 0;
			defaultConfigurationName = Release;
		};
		8857C90517B2DDD40056A6F9 /* Build configuration list for PBXNativeTarget "Hawk" */ = {
			isa = XCConfigurationList;
			buildConfigurations = (
				8857C90617B2DDD40056A6F9 /* Debug */,
				8857C90717B2DDD40056A6F9 /* Release */,
			);
			defaultConfigurationIsVisible = 0;
			defaultConfigurationName = Release;
		};
		8857C90817B2DDD40056A6F9 /* Build configuration list for PBXNativeTarget "HawkTests" */ = {
			isa = XCConfigurationList;
			buildConfigurations = (
				8857C90917B2DDD40056A6F9 /* Debug */,
				8857C90A17B2DDD40056A6F9 /* Release */,
			);
			defaultConfigurationIsVisible = 0;
			defaultConfigurationName = Release;
		};
		8857C94217B2DF700056A6F9 /* Build configuration list for PBXNativeTarget "libHawk" */ = {
			isa = XCConfigurationList;
			buildConfigurations = (
				8857C94317B2DF700056A6F9 /* Debug */,
				8857C94417B2DF700056A6F9 /* Release */,
			);
			defaultConfigurationIsVisible = 0;
			defaultConfigurationName = Release;
		};
		8857C94517B2DF700056A6F9 /* Build configuration list for PBXNativeTarget "libHawkTests" */ = {
			isa = XCConfigurationList;
			buildConfigurations = (
				8857C94617B2DF700056A6F9 /* Debug */,
				8857C94717B2DF700056A6F9 /* Release */,
			);
			defaultConfigurationIsVisible = 0;
			defaultConfigurationName = Release;
		};
/* End XCConfigurationList section */
	};
	rootObject = 8857C8D417B2DDD40056A6F9 /* Project object */;
}
